
Microsoft Visual Studio Solution File, Format Version 12.00
# Visual Studio 15
VisualStudioVersion = 15.0.28307.1705
MinimumVisualStudioVersion = 10.0.40219.1
Project("{8BC9CEB8-8B4A-11D0-8D11-00A0C91BC942}") = "sort实验", "sort实验\sort实验.vcxproj", "{070DB502-C05A-45F6-B4A3-82684F523C5D}"
EndProject
Project("{8BC9CEB8-8B4A-11D0-8D11-00A0C91BC942}") = "考试信息", "考试信息\考试信息.vcxproj", "{75F7AC8E-8BD4-4579-9177-AB5EC86E5AD3}"
EndProject
Project("{8BC9CEB8-8B4A-11D0-8D11-00A0C91BC942}") = "面试题", "面试题\面试题.vcxproj", "{8433A366-592E-4EB3-B0CD-DAD7E4903FF9}"
EndProject
Global
	GlobalSection(SolutionConfigurationPlatforms) = preSolution
		Debug|x64 = Debug|x64
		Debug|x86 = Debug|x86
		Release|x64 = Release|x64
		Release|x86 = Release|x86
	EndGlobalSection
	GlobalSection(ProjectConfigurationPlatforms) = postSolution
		{070DB502-C05A-45F6-B4A3-82684F523C5D}.Debug|x64.ActiveCfg = Debug|x64
		{070DB502-C05A-45F6-B4A3-82684F523C5D}.Debug|x64.Build.0 = Debug|x64
		{070DB502-C05A-45F6-B4A3-82684F523C5D}.Debug|x86.ActiveCfg = Debug|Win32
		{070DB502-C05A-45F6-B4A3-82684F523C5D}.Debug|x86.Build.0 = Debug|Win32
		{070DB502-C05A-45F6-B4A3-82684F523C5D}.Release|x64.ActiveCfg = Release|x64
		{070DB502-C05A-45F6-B4A3-82684F523C5D}.Release|x64.Build.0 = Release|x64
		{070DB502-C05A-45F6-B4A3-82684F523C5D}.Release|x86.ActiveCfg = Release|Win32
		{070DB502-C05A-45F6-B4A3-82684F523C5D}.Release|x86.Build.0 = Release|Win32
		{75F7AC8E-8BD4-4579-9177-AB5EC86E5AD3}.Debug|x64.ActiveCfg = Debug|x64
		{75F7AC8E-8BD4-4579-9177-AB5EC86E5AD3}.Debug|x64.Build.0 = Debug|x64
		{75F7AC8E-8BD4-4579-9177-AB5EC86E5AD3}.Debug|x86.ActiveCfg = Debug|Win32
		{75F7AC8E-8BD4-4579-9177-AB5EC86E5AD3}.Debug|x86.Build.0 = Debug|Win32
		{75F7AC8E-8BD4-4579-9177-AB5EC86E5AD3}.Release|x64.ActiveCfg = Release|x64
		{75F7AC8E-8BD4-4579-9177-AB5EC86E5AD3}.Release|x64.Build.0 = Release|x64
		{75F7AC8E-8BD4-4579-9177-AB5EC86E5AD3}.Release|x86.ActiveCfg = Release|Win32
		{75F7AC8E-8BD4-4579-9177-AB5EC86E5AD3}.Release|x86.Build.0 = Release|Win32
		{8433A366-592E-4EB3-B0CD-DAD7E4903FF9}.Debug|x64.ActiveCfg = Debug|x64
		{8433A366-592E-4EB3-B0CD-DAD7E4903FF9}.Debug|x64.Build.0 = Debug|x64
		{8433A366-592E-4EB3-B0CD-DAD7E4903FF9}.Debug|x86.ActiveCfg = Debug|Win32
		{8433A366-592E-4EB3-B0CD-DAD7E4903FF9}.Debug|x86.Build.0 = Debug|Win32
		{8433A366-592E-4EB3-B0CD-DAD7E4903FF9}.Release|x64.ActiveCfg = Release|x64
		{8433A366-592E-4EB3-B0CD-DAD7E4903FF9}.Release|x64.Build.0 = Release|x64
		{8433A366-592E-4EB3-B0CD-DAD7E4903FF9}.Release|x86.ActiveCfg = Release|Win32
		{8433A366-592E-4EB3-B0CD-DAD7E4903FF9}.Release|x86.Build.0 = Release|Win32
	EndGlobalSection
	GlobalSection(SolutionProperties) = preSolution
		HideSolutionNode = FALSE
	EndGlobalSection
	GlobalSection(ExtensibilityGlobals) = postSolution
		SolutionGuid = {F31AC26B-4BA4-4890-A03D-74176A2CD779}
	EndGlobalSection
EndGlobal
